
Microsoft Visual Studio Solution File, Format Version 12.00
# Visual Studio Version 17
VisualStudioVersion = 17.7.34009.444
MinimumVisualStudioVersion = 10.0.40219.1
Project("{FAE04EC0-301F-11D3-BF4B-00C04F79EFBC}") = "Pizzza app", "Pizzza app\Pizzza app.csproj", "{AB25C51F-39A2-44B8-8FE3-F8710AA90917}"
EndProject
Global
	GlobalSection(SolutionConfigurationPlatforms) = preSolution
		Debug|Any CPU = Debug|Any CPU
		Release|Any CPU = Release|Any CPU
	EndGlobalSection
	GlobalSection(ProjectConfigurationPlatforms) = postSolution
		{AB25C51F-39A2-44B8-8FE3-F8710AA90917}.Debug|Any CPU.ActiveCfg = Debug|Any CPU
		{AB25C51F-39A2-44B8-8FE3-F8710AA90917}.Debug|Any CPU.Build.0 = Debug|Any CPU
		{AB25C51F-39A2-44B8-8FE3-F8710AA90917}.Release|Any CPU.ActiveCfg = Release|Any CPU
		{AB25C51F-39A2-44B8-8FE3-F8710AA90917}.Release|Any CPU.Build.0 = Release|Any CPU
	EndGlobalSection
	GlobalSection(SolutionProperties) = preSolution
		HideSolutionNode = FALSE
	EndGlobalSection
	GlobalSection(ExtensibilityGlobals) = postSolution
		SolutionGuid = {F54DE3B9-83E1-42CD-ADE1-2B340602F167}
	EndGlobalSection
EndGlobal
